
Microsoft Visual Studio Solution File, Format Version 12.00
# Visual Studio Version 17
VisualStudioVersion = 17.5.33627.172
MinimumVisualStudioVersion = 10.0.40219.1
Project("{FAE04EC0-301F-11D3-BF4B-00C04F79EFBC}") = "Ika_Referointi", "Ika_Referointi\Ika_Referointi.csproj", "{73D18762-4F3E-4926-BEF8-536FEF872C8A}"
EndProject
Global
	GlobalSection(SolutionConfigurationPlatforms) = preSolution
		Debug|Any CPU = Debug|Any CPU
		Release|Any CPU = Release|Any CPU
	EndGlobalSection
	GlobalSection(ProjectConfigurationPlatforms) = postSolution
		{73D18762-4F3E-4926-BEF8-536FEF872C8A}.Debug|Any CPU.ActiveCfg = Debug|Any CPU
		{73D18762-4F3E-4926-BEF8-536FEF872C8A}.Debug|Any CPU.Build.0 = Debug|Any CPU
		{73D18762-4F3E-4926-BEF8-536FEF872C8A}.Release|Any CPU.ActiveCfg = Release|Any CPU
		{73D18762-4F3E-4926-BEF8-536FEF872C8A}.Release|Any CPU.Build.0 = Release|Any CPU
	EndGlobalSection
	GlobalSection(SolutionProperties) = preSolution
		HideSolutionNode = FALSE
	EndGlobalSection
	GlobalSection(ExtensibilityGlobals) = postSolution
		SolutionGuid = {8A896D4B-3D28-4157-932E-F855DCEA9CAA}
	EndGlobalSection
EndGlobal
