
Microsoft Visual Studio Solution File, Format Version 12.00
# Visual Studio Version 17
VisualStudioVersion = 17.5.33530.505
MinimumVisualStudioVersion = 10.0.40219.1
Project("{FAE04EC0-301F-11D3-BF4B-00C04F79EFBC}") = "Soitin", "Soitin\Soitin.csproj", "{D4234E1A-A5C4-4FCE-BC4B-A9D23729521B}"
EndProject
Global
	GlobalSection(SolutionConfigurationPlatforms) = preSolution
		Debug|Any CPU = Debug|Any CPU
		Release|Any CPU = Release|Any CPU
	EndGlobalSection
	GlobalSection(ProjectConfigurationPlatforms) = postSolution
		{D4234E1A-A5C4-4FCE-BC4B-A9D23729521B}.Debug|Any CPU.ActiveCfg = Debug|Any CPU
		{D4234E1A-A5C4-4FCE-BC4B-A9D23729521B}.Debug|Any CPU.Build.0 = Debug|Any CPU
		{D4234E1A-A5C4-4FCE-BC4B-A9D23729521B}.Release|Any CPU.ActiveCfg = Release|Any CPU
		{D4234E1A-A5C4-4FCE-BC4B-A9D23729521B}.Release|Any CPU.Build.0 = Release|Any CPU
	EndGlobalSection
	GlobalSection(SolutionProperties) = preSolution
		HideSolutionNode = FALSE
	EndGlobalSection
	GlobalSection(ExtensibilityGlobals) = postSolution
		SolutionGuid = {627498F4-2CCF-4BEB-BF8A-A81D7210E80C}
	EndGlobalSection
EndGlobal
