
Microsoft Visual Studio Solution File, Format Version 12.00
# Visual Studio Version 17
VisualStudioVersion = 17.5.33627.172
MinimumVisualStudioVersion = 10.0.40219.1
Project("{FAE04EC0-301F-11D3-BF4B-00C04F79EFBC}") = "KaikkiElaimet", "KaikkiElaimet\KaikkiElaimet.csproj", "{1F9D7DFC-A753-46BB-B640-B53D2A121352}"
EndProject
Project("{FAE04EC0-301F-11D3-BF4B-00C04F79EFBC}") = "KaikkiElainluokat", "KaikkiElainluokat\KaikkiElainluokat.csproj", "{BABF3A8C-0BCF-4C50-BBF7-67620EB07658}"
EndProject
Global
	GlobalSection(SolutionConfigurationPlatforms) = preSolution
		Debug|Any CPU = Debug|Any CPU
		Release|Any CPU = Release|Any CPU
	EndGlobalSection
	GlobalSection(ProjectConfigurationPlatforms) = postSolution
		{1F9D7DFC-A753-46BB-B640-B53D2A121352}.Debug|Any CPU.ActiveCfg = Debug|Any CPU
		{1F9D7DFC-A753-46BB-B640-B53D2A121352}.Debug|Any CPU.Build.0 = Debug|Any CPU
		{1F9D7DFC-A753-46BB-B640-B53D2A121352}.Release|Any CPU.ActiveCfg = Release|Any CPU
		{1F9D7DFC-A753-46BB-B640-B53D2A121352}.Release|Any CPU.Build.0 = Release|Any CPU
		{BABF3A8C-0BCF-4C50-BBF7-67620EB07658}.Debug|Any CPU.ActiveCfg = Debug|Any CPU
		{BABF3A8C-0BCF-4C50-BBF7-67620EB07658}.Debug|Any CPU.Build.0 = Debug|Any CPU
		{BABF3A8C-0BCF-4C50-BBF7-67620EB07658}.Release|Any CPU.ActiveCfg = Release|Any CPU
		{BABF3A8C-0BCF-4C50-BBF7-67620EB07658}.Release|Any CPU.Build.0 = Release|Any CPU
	EndGlobalSection
	GlobalSection(SolutionProperties) = preSolution
		HideSolutionNode = FALSE
	EndGlobalSection
	GlobalSection(ExtensibilityGlobals) = postSolution
		SolutionGuid = {4D9CFAE8-82E6-4E80-977D-F61977B57774}
	EndGlobalSection
EndGlobal
